
Microsoft Visual Studio Solution File, Format Version 12.00
# Visual Studio 2013
VisualStudioVersion = 12.0.21005.1
MinimumVisualStudioVersion = 10.0.40219.1
Project("{8BC9CEB8-8B4A-11D0-8D11-00A0C91BC942}") = "DLL injection_DLL", "DLL injection_DLL\DLL injection_DLL.vcxproj", "{E4C07B5A-BA70-4A8F-B1D2-522A77E3F5AB}"
EndProject
Project("{8BC9CEB8-8B4A-11D0-8D11-00A0C91BC942}") = "DLL injection_Injector", "DLL injection_Injector\DLL injection_Injector.vcxproj", "{D9BD20E6-B787-44C0-8553-60186EB2E4D8}"
EndProject
Project("{8BC9CEB8-8B4A-11D0-8D11-00A0C91BC942}") = "DLL Ejection_Ejector", "DLL Ejection_Ejector\DLL Ejection_Ejector.vcxproj", "{4F68A8C7-D61E-4127-8E92-483D79C36DA1}"
EndProject
Project("{8BC9CEB8-8B4A-11D0-8D11-00A0C91BC942}") = "Code Injection_Injector", "Code Injection_Injector\Code Injection_Injector.vcxproj", "{C762058C-4AD5-4FA3-AA01-60539A9056CB}"
EndProject
Project("{8BC9CEB8-8B4A-11D0-8D11-00A0C91BC942}") = "Code injection_Inline Patch", "Code injection_Inline Patch\Code injection_Inline Patch.vcxproj", "{238C1247-34DF-4F66-BA00-5008F44D4D67}"
EndProject
Project("{8BC9CEB8-8B4A-11D0-8D11-00A0C91BC942}") = "API Hooking", "API Hooking\API Hooking.vcxproj", "{E0F9701E-1873-4357-8849-45C796495517}"
EndProject
Project("{8BC9CEB8-8B4A-11D0-8D11-00A0C91BC942}") = "API Hooking_DLL", "API Hooking_DLL\API Hooking_DLL.vcxproj", "{CC2F4F42-7221-446B-837F-3EB3A13C21D4}"
EndProject
Global
	GlobalSection(SolutionConfigurationPlatforms) = preSolution
		Debug|Win32 = Debug|Win32
		Debug|x64 = Debug|x64
		Release|Win32 = Release|Win32
		Release|x64 = Release|x64
	EndGlobalSection
	GlobalSection(ProjectConfigurationPlatforms) = postSolution
		{E4C07B5A-BA70-4A8F-B1D2-522A77E3F5AB}.Debug|Win32.ActiveCfg = Debug|Win32
		{E4C07B5A-BA70-4A8F-B1D2-522A77E3F5AB}.Debug|Win32.Build.0 = Debug|Win32
		{E4C07B5A-BA70-4A8F-B1D2-522A77E3F5AB}.Debug|x64.ActiveCfg = Debug|x64
		{E4C07B5A-BA70-4A8F-B1D2-522A77E3F5AB}.Debug|x64.Build.0 = Debug|x64
		{E4C07B5A-BA70-4A8F-B1D2-522A77E3F5AB}.Release|Win32.ActiveCfg = Release|Win32
		{E4C07B5A-BA70-4A8F-B1D2-522A77E3F5AB}.Release|Win32.Build.0 = Release|Win32
		{E4C07B5A-BA70-4A8F-B1D2-522A77E3F5AB}.Release|x64.ActiveCfg = Release|Win32
		{E4C07B5A-BA70-4A8F-B1D2-522A77E3F5AB}.Release|x64.Build.0 = Release|Win32
		{D9BD20E6-B787-44C0-8553-60186EB2E4D8}.Debug|Win32.ActiveCfg = Debug|Win32
		{D9BD20E6-B787-44C0-8553-60186EB2E4D8}.Debug|Win32.Build.0 = Debug|Win32
		{D9BD20E6-B787-44C0-8553-60186EB2E4D8}.Debug|x64.ActiveCfg = Debug|x64
		{D9BD20E6-B787-44C0-8553-60186EB2E4D8}.Debug|x64.Build.0 = Debug|x64
		{D9BD20E6-B787-44C0-8553-60186EB2E4D8}.Release|Win32.ActiveCfg = Release|Win32
		{D9BD20E6-B787-44C0-8553-60186EB2E4D8}.Release|Win32.Build.0 = Release|Win32
		{D9BD20E6-B787-44C0-8553-60186EB2E4D8}.Release|x64.ActiveCfg = Release|Win32
		{D9BD20E6-B787-44C0-8553-60186EB2E4D8}.Release|x64.Build.0 = Release|Win32
		{4F68A8C7-D61E-4127-8E92-483D79C36DA1}.Debug|Win32.ActiveCfg = Debug|Win32
		{4F68A8C7-D61E-4127-8E92-483D79C36DA1}.Debug|Win32.Build.0 = Debug|Win32
		{4F68A8C7-D61E-4127-8E92-483D79C36DA1}.Debug|x64.ActiveCfg = Debug|x64
		{4F68A8C7-D61E-4127-8E92-483D79C36DA1}.Debug|x64.Build.0 = Debug|x64
		{4F68A8C7-D61E-4127-8E92-483D79C36DA1}.Release|Win32.ActiveCfg = Release|Win32
		{4F68A8C7-D61E-4127-8E92-483D79C36DA1}.Release|Win32.Build.0 = Release|Win32
		{4F68A8C7-D61E-4127-8E92-483D79C36DA1}.Release|x64.ActiveCfg = Release|Win32
		{4F68A8C7-D61E-4127-8E92-483D79C36DA1}.Release|x64.Build.0 = Release|Win32
		{C762058C-4AD5-4FA3-AA01-60539A9056CB}.Debug|Win32.ActiveCfg = Debug|Win32
		{C762058C-4AD5-4FA3-AA01-60539A9056CB}.Debug|Win32.Build.0 = Debug|Win32
		{C762058C-4AD5-4FA3-AA01-60539A9056CB}.Debug|x64.ActiveCfg = Debug|x64
		{C762058C-4AD5-4FA3-AA01-60539A9056CB}.Debug|x64.Build.0 = Debug|x64
		{C762058C-4AD5-4FA3-AA01-60539A9056CB}.Release|Win32.ActiveCfg = Release|Win32
		{C762058C-4AD5-4FA3-AA01-60539A9056CB}.Release|Win32.Build.0 = Release|Win32
		{C762058C-4AD5-4FA3-AA01-60539A9056CB}.Release|x64.ActiveCfg = Release|Win32
		{C762058C-4AD5-4FA3-AA01-60539A9056CB}.Release|x64.Build.0 = Release|Win32
		{238C1247-34DF-4F66-BA00-5008F44D4D67}.Debug|Win32.ActiveCfg = Debug|Win32
		{238C1247-34DF-4F66-BA00-5008F44D4D67}.Debug|Win32.Build.0 = Debug|Win32
		{238C1247-34DF-4F66-BA00-5008F44D4D67}.Debug|x64.ActiveCfg = Debug|x64
		{238C1247-34DF-4F66-BA00-5008F44D4D67}.Debug|x64.Build.0 = Debug|x64
		{238C1247-34DF-4F66-BA00-5008F44D4D67}.Release|Win32.ActiveCfg = Release|Win32
		{238C1247-34DF-4F66-BA00-5008F44D4D67}.Release|Win32.Build.0 = Release|Win32
		{238C1247-34DF-4F66-BA00-5008F44D4D67}.Release|x64.ActiveCfg = Release|Win32
		{238C1247-34DF-4F66-BA00-5008F44D4D67}.Release|x64.Build.0 = Release|Win32
		{E0F9701E-1873-4357-8849-45C796495517}.Debug|Win32.ActiveCfg = Debug|Win32
		{E0F9701E-1873-4357-8849-45C796495517}.Debug|Win32.Build.0 = Debug|Win32
		{E0F9701E-1873-4357-8849-45C796495517}.Debug|x64.ActiveCfg = Debug|x64
		{E0F9701E-1873-4357-8849-45C796495517}.Debug|x64.Build.0 = Debug|x64
		{E0F9701E-1873-4357-8849-45C796495517}.Release|Win32.ActiveCfg = Release|Win32
		{E0F9701E-1873-4357-8849-45C796495517}.Release|Win32.Build.0 = Release|Win32
		{E0F9701E-1873-4357-8849-45C796495517}.Release|x64.ActiveCfg = Release|x64
		{E0F9701E-1873-4357-8849-45C796495517}.Release|x64.Build.0 = Release|x64
		{CC2F4F42-7221-446B-837F-3EB3A13C21D4}.Debug|Win32.ActiveCfg = Debug|Win32
		{CC2F4F42-7221-446B-837F-3EB3A13C21D4}.Debug|Win32.Build.0 = Debug|Win32
		{CC2F4F42-7221-446B-837F-3EB3A13C21D4}.Debug|x64.ActiveCfg = Debug|Win32
		{CC2F4F42-7221-446B-837F-3EB3A13C21D4}.Release|Win32.ActiveCfg = Release|Win32
		{CC2F4F42-7221-446B-837F-3EB3A13C21D4}.Release|Win32.Build.0 = Release|Win32
		{CC2F4F42-7221-446B-837F-3EB3A13C21D4}.Release|x64.ActiveCfg = Release|Win32
	EndGlobalSection
	GlobalSection(SolutionProperties) = preSolution
		HideSolutionNode = FALSE
	EndGlobalSection
EndGlobal
