
Microsoft Visual Studio Solution File, Format Version 12.00
# Visual Studio 2013
VisualStudioVersion = 12.0.21005.1
MinimumVisualStudioVersion = 10.0.40219.1
Project("{8BC9CEB8-8B4A-11D0-8D11-00A0C91BC942}") = "DLL injection_DLL", "DLL injection_DLL\DLL injection_DLL.vcxproj", "{E4C07B5A-BA70-4A8F-B1D2-522A77E3F5AB}"
EndProject
Project("{8BC9CEB8-8B4A-11D0-8D11-00A0C91BC942}") = "DLL injection_Injector", "DLL injection_Injector\DLL injection_Injector.vcxproj", "{D9BD20E6-B787-44C0-8553-60186EB2E4D8}"
EndProject
Project("{8BC9CEB8-8B4A-11D0-8D11-00A0C91BC942}") = "DLL Ejection_Ejector", "DLL Ejection_Ejector\DLL Ejection_Ejector.vcxproj", "{4F68A8C7-D61E-4127-8E92-483D79C36DA1}"
EndProject
Global
	GlobalSection(SolutionConfigurationPlatforms) = preSolution
		Debug|Win32 = Debug|Win32
		Release|Win32 = Release|Win32
	EndGlobalSection
	GlobalSection(ProjectConfigurationPlatforms) = postSolution
		{E4C07B5A-BA70-4A8F-B1D2-522A77E3F5AB}.Debug|Win32.ActiveCfg = Debug|Win32
		{E4C07B5A-BA70-4A8F-B1D2-522A77E3F5AB}.Debug|Win32.Build.0 = Debug|Win32
		{E4C07B5A-BA70-4A8F-B1D2-522A77E3F5AB}.Release|Win32.ActiveCfg = Release|Win32
		{E4C07B5A-BA70-4A8F-B1D2-522A77E3F5AB}.Release|Win32.Build.0 = Release|Win32
		{D9BD20E6-B787-44C0-8553-60186EB2E4D8}.Debug|Win32.ActiveCfg = Debug|Win32
		{D9BD20E6-B787-44C0-8553-60186EB2E4D8}.Debug|Win32.Build.0 = Debug|Win32
		{D9BD20E6-B787-44C0-8553-60186EB2E4D8}.Release|Win32.ActiveCfg = Release|Win32
		{D9BD20E6-B787-44C0-8553-60186EB2E4D8}.Release|Win32.Build.0 = Release|Win32
		{4F68A8C7-D61E-4127-8E92-483D79C36DA1}.Debug|Win32.ActiveCfg = Debug|Win32
		{4F68A8C7-D61E-4127-8E92-483D79C36DA1}.Debug|Win32.Build.0 = Debug|Win32
		{4F68A8C7-D61E-4127-8E92-483D79C36DA1}.Release|Win32.ActiveCfg = Release|Win32
		{4F68A8C7-D61E-4127-8E92-483D79C36DA1}.Release|Win32.Build.0 = Release|Win32
	EndGlobalSection
	GlobalSection(SolutionProperties) = preSolution
		HideSolutionNode = FALSE
	EndGlobalSection
EndGlobal
